{
  "nodes": {
    "nixpkgs": {
      "locked": {
        "lastModified": 1742423792,
        "narHash": "sha256-B9ROg9iHcOKS1o4ATnE9InP9OUM5QSMuebS6VeMygEc=",
        "owner": "NixOS",
        "repo": "nixpkgs",
        "rev": "c84318386ea4b8e158b1fdafc3336de880c2e99f",
        "type": "github"
      },
      "original": {
        "owner": "NixOS",
        "ref": "release-24.11",
        "repo": "nixpkgs",
        "type": "github"
      }
    },
    "root": {
      "inputs": {
        "nixpkgs": "nixpkgs"
      }
    }
  },
  "root": "root",
  "version": 7
}
